# This file is autogenerated, do not edit; changes may be undone by the next 'dep ensure'.


[[projects]]
  digest = "1:0e35664fbbed4cfb8c18d0fde0f7fc055d90fd90f4b06abec51ac43374330acb"
  name = "github.com/aws/aws-sdk-go"
  packages = [
    "aws",
    "aws/awserr",
    "aws/awsutil",
    "aws/client",
    "aws/client/metadata",
    "aws/corehandlers",
    "aws/credentials",
    "aws/credentials/ec2rolecreds",
    "aws/credentials/endpointcreds",
    "aws/credentials/processcreds",
    "aws/credentials/stscreds",
    "aws/csm",
    "aws/defaults",
    "aws/ec2metadata",
    "aws/endpoints",
    "aws/request",
    "aws/session",
    "aws/signer/v4",
    "internal/ini",
    "internal/s3err",
    "internal/sdkio",
    "internal/sdkrand",
    "internal/sdkuri",
    "internal/shareddefaults",
    "private/protocol",
    "private/protocol/eventstream",
    "private/protocol/eventstream/eventstreamapi",
    "private/protocol/query",
    "private/protocol/query/queryutil",
    "private/protocol/rest",
    "private/protocol/restxml",
    "private/protocol/xml/xmlutil",
    "service/s3",
    "service/sts",
  ]
  pruneopts = "UT"
  revision = "3f4520a9e0e2eff8bf1ef6da734d373c4c368429"
  version = "v1.17.8"

[[projects]]
  digest = "1:bb81097a5b62634f3e9fec1014657855610c82d19b9a40c17612e32651e35dca"
  name = "github.com/jmespath/go-jmespath"
  packages = ["."]
  pruneopts = "UT"
  revision = "c2b33e84"

[[projects]]
  branch = "master"
  digest = "1:e571de6b22dfc9d9f0b40935df2cf7eda64bba040bc0e2dc242fbac6fb5fb5d6"
  name = "github.com/jpillora/overseer"
  packages = [
    ".",
    "fetcher",
  ]
  pruneopts = "UT"
  revision = "9891188db5a5bdae87416218253ac3a5ed4aed8a"
  source = "github.com/moisespsena-go/overseer"

[[projects]]
  branch = "master"
  digest = "1:f433da6fbabb0bd1bd730fd340782015c644123d02eb78c20c69ce03352daad1"
  name = "github.com/kardianos/osext"
  packages = ["."]
  pruneopts = "UT"
  revision = "2bc1f35cddc0cc527b4bc3dce8578fc2a6c11384"

[[projects]]
  digest = "1:5d231480e1c64a726869bc4142d270184c419749d34f167646baa21008eb0a79"
  name = "github.com/mitchellh/go-homedir"
  packages = ["."]
  pruneopts = "UT"
  revision = "af06845cf3004701891bf4fdb884bfe4920b3727"
  version = "v1.1.0"

[[projects]]
  branch = "master"
  digest = "1:a821796fb3ed919b11719ec9ab19dc036301ccbeb67660c80f83f4785fef74d5"
  name = "github.com/moisespsena/go-default-logger"
  packages = ["."]
  pruneopts = "UT"
  revision = "be4d3623a3e4dc02901c67caaeaa5c1704abc5f9"

[[projects]]
  branch = "master"
  digest = "1:9503135a30a108890c68d15a4bed816a4d2a4058f7d7ea136d516b19966d2c02"
  name = "github.com/moisespsena/go-error-wrap"
  packages = ["."]
  pruneopts = "UT"
  revision = "7e8df00a35080dff30e766ff640b1be4e7870304"

[[projects]]
  branch = "master"
  digest = "1:3ddf39b30444b8f403563986963b3b46d0b3ba251361e8319f6dae86696140d2"
  name = "github.com/moisespsena/go-path-helpers"
  packages = ["."]
  pruneopts = "UT"
  revision = "bbd7194afdcdffd0f9671cdb2a191a506094a19a"

[[projects]]
  digest = "1:5b3b29ce0e569f62935d9541dff2e16cc09df981ebde48e82259076a73a3d0c7"
  name = "github.com/op/go-logging"
  packages = ["."]
  pruneopts = "UT"
  revision = "b2cb9fa56473e98db8caba80237377e83fe44db5"
  version = "v1"

[[projects]]
  branch = "master"
  digest = "1:3f293bba019cd25020236b8ed708f13bccded35562d9d351355573813997909f"
  name = "github.com/phayes/permbits"
  packages = ["."]
  pruneopts = "UT"
  revision = "1efae4548023f60d7a172fead76cccf194cf45de"

[solve-meta]
  analyzer-name = "dep"
  analyzer-version = 1
  input-imports = [
    "github.com/jpillora/overseer",
    "github.com/jpillora/overseer/fetcher",
    "github.com/moisespsena/go-default-logger",
    "github.com/moisespsena/go-error-wrap",
    "github.com/moisespsena/go-path-helpers",
    "github.com/op/go-logging",
  ]
  solver-name = "gps-cdcl"
  solver-version = 1
