# This file is autogenerated, do not edit; changes may be undone by the next 'dep ensure'.


[[projects]]
  digest = "1:5d231480e1c64a726869bc4142d270184c419749d34f167646baa21008eb0a79"
  name = "github.com/mitchellh/go-homedir"
  packages = ["."]
  pruneopts = "UT"
  revision = "af06845cf3004701891bf4fdb884bfe4920b3727"
  version = "v1.1.0"

[[projects]]
  branch = "master"
  digest = "1:08c430c7b7ab0dd7f94889af18129fe0736ab2cd4df5d54e8937a706b8d9ec9a"
  name = "github.com/moisespsena-go/default-logger"
  packages = ["."]
  pruneopts = "UT"
  revision = "d03cb4229ba7fbcda79d1eeb49547abf779b7bb8"

[[projects]]
  branch = "master"
  digest = "1:cd89d69c98808f0950ede4417683c5021a58226233ded86ad26ab8e038f093c5"
  name = "github.com/moisespsena-go/error-wrap"
  packages = ["."]
  pruneopts = "UT"
  revision = "b41f4523ee577dec73ab62cdf1c233bfe0a26139"

[[projects]]
  branch = "master"
  digest = "1:df263dc103bcfb822a91d20dfc7712af00f0710f29442515ce3f769fe5433e9c"
  name = "github.com/moisespsena-go/path-helpers"
  packages = ["."]
  pruneopts = "UT"
  revision = "10fc831782671524d4634ff4005c7e63d31b0139"

[[projects]]
  branch = "master"
  digest = "1:9503135a30a108890c68d15a4bed816a4d2a4058f7d7ea136d516b19966d2c02"
  name = "github.com/moisespsena-go/error-wrap"
  packages = ["."]
  pruneopts = "UT"
  revision = "7e8df00a35080dff30e766ff640b1be4e7870304"

[[projects]]
  digest = "1:5b3b29ce0e569f62935d9541dff2e16cc09df981ebde48e82259076a73a3d0c7"
  name = "github.com/op/go-logging"
  packages = ["."]
  pruneopts = "UT"
  revision = "b2cb9fa56473e98db8caba80237377e83fe44db5"
  version = "v1"

[[projects]]
  branch = "master"
  digest = "1:3f293bba019cd25020236b8ed708f13bccded35562d9d351355573813997909f"
  name = "github.com/phayes/permbits"
  packages = ["."]
  pruneopts = "UT"
  revision = "1efae4548023f60d7a172fead76cccf194cf45de"

[solve-meta]
  analyzer-name = "dep"
  analyzer-version = 1
  input-imports = [
    "github.com/moisespsena-go/default-logger",
    "github.com/moisespsena-go/error-wrap",
    "github.com/moisespsena-go/path-helpers",
    "github.com/op/go-logging",
  ]
  solver-name = "gps-cdcl"
  solver-version = 1
